
Microsoft Visual Studio Solution File, Format Version 12.00
# Visual Studio Version 17
VisualStudioVersion = 17.7.34003.232
MinimumVisualStudioVersion = 10.0.40219.1
Project("{9A19103F-16F7-4668-BE54-9A1E7A4F7556}") = "AdvantOfCode", "AdvantOfCode2023\AdvantOfCode.csproj", "{78340F03-4C60-4ECB-9E66-6C4403D5794B}"
EndProject
Global
	GlobalSection(SolutionConfigurationPlatforms) = preSolution
		Debug|Any CPU = Debug|Any CPU
		Release|Any CPU = Release|Any CPU
	EndGlobalSection
	GlobalSection(ProjectConfigurationPlatforms) = postSolution
		{78340F03-4C60-4ECB-9E66-6C4403D5794B}.Debug|Any CPU.ActiveCfg = Debug|Any CPU
		{78340F03-4C60-4ECB-9E66-6C4403D5794B}.Debug|Any CPU.Build.0 = Debug|Any CPU
		{78340F03-4C60-4ECB-9E66-6C4403D5794B}.Release|Any CPU.ActiveCfg = Release|Any CPU
		{78340F03-4C60-4ECB-9E66-6C4403D5794B}.Release|Any CPU.Build.0 = Release|Any CPU
	EndGlobalSection
	GlobalSection(SolutionProperties) = preSolution
		HideSolutionNode = FALSE
	EndGlobalSection
	GlobalSection(ExtensibilityGlobals) = postSolution
		SolutionGuid = {FFD78689-1073-474A-AA55-5D48F3EA44E2}
	EndGlobalSection
EndGlobal
